
Microsoft Visual Studio Solution File, Format Version 12.00
# Visual Studio Version 17
VisualStudioVersion = 17.0.31903.59
MinimumVisualStudioVersion = 10.0.40219.1
Project("{FAE04EC0-301F-11D3-BF4B-00C04F79EFBC}") = "HamburguerDev.Api", "src\HamburguerDev.Api\HamburguerDev.Api.csproj", "{2E869ED3-DDA0-4968-B59B-85C96D002ADE}"
EndProject
Project("{FAE04EC0-301F-11D3-BF4B-00C04F79EFBC}") = "HamburguerDev.Business", "src\HamburguerDev.Business\HamburguerDev.Business.csproj", "{9A528E27-16A1-42B9-92B2-D96104027569}"
EndProject
Project("{FAE04EC0-301F-11D3-BF4B-00C04F79EFBC}") = "HamburguerDev.Data", "src\HamburguerDev.Data\HamburguerDev.Data.csproj", "{EED4352F-CD4B-4721-A057-D396E2B53CE1}"
EndProject
Project("{FAE04EC0-301F-11D3-BF4B-00C04F79EFBC}") = "HamburguerDev.Shared", "src\HamburguerDev.Shared\HamburguerDev.Shared.csproj", "{AFCDFF50-ACD4-4684-8CC6-80AD1CCFDCE2}"
EndProject
Project("{2150E333-8FDC-42A3-9474-1A3956D46DE8}") = "tests", "tests", "{0AB3BF05-4346-4AA6-1389-037BE0695223}"
EndProject
Project("{FAE04EC0-301F-11D3-BF4B-00C04F79EFBC}") = "HamburguerDev.Business.Tests", "tests\HamburguerDev.Business.Tests\HamburguerDev.Business.Tests.csproj", "{CDADCC0A-979E-4845-89E9-359F14C62494}"
EndProject
Project("{FAE04EC0-301F-11D3-BF4B-00C04F79EFBC}") = "HamburguerDev.Frontend", "src\HamburguerDev.Frontend\HamburguerDev.Frontend.csproj", "{BCD4532F-55AA-432A-8603-C1A7349F932C}"
EndProject
Global
	GlobalSection(SolutionConfigurationPlatforms) = preSolution
		Debug|Any CPU = Debug|Any CPU
		Debug|x64 = Debug|x64
		Debug|x86 = Debug|x86
		Release|Any CPU = Release|Any CPU
		Release|x64 = Release|x64
		Release|x86 = Release|x86
	EndGlobalSection
	GlobalSection(ProjectConfigurationPlatforms) = postSolution
		{2E869ED3-DDA0-4968-B59B-85C96D002ADE}.Debug|Any CPU.ActiveCfg = Debug|Any CPU
		{2E869ED3-DDA0-4968-B59B-85C96D002ADE}.Debug|Any CPU.Build.0 = Debug|Any CPU
		{2E869ED3-DDA0-4968-B59B-85C96D002ADE}.Debug|x64.ActiveCfg = Debug|Any CPU
		{2E869ED3-DDA0-4968-B59B-85C96D002ADE}.Debug|x64.Build.0 = Debug|Any CPU
		{2E869ED3-DDA0-4968-B59B-85C96D002ADE}.Debug|x86.ActiveCfg = Debug|Any CPU
		{2E869ED3-DDA0-4968-B59B-85C96D002ADE}.Debug|x86.Build.0 = Debug|Any CPU
		{2E869ED3-DDA0-4968-B59B-85C96D002ADE}.Release|Any CPU.ActiveCfg = Release|Any CPU
		{2E869ED3-DDA0-4968-B59B-85C96D002ADE}.Release|Any CPU.Build.0 = Release|Any CPU
		{2E869ED3-DDA0-4968-B59B-85C96D002ADE}.Release|x64.ActiveCfg = Release|Any CPU
		{2E869ED3-DDA0-4968-B59B-85C96D002ADE}.Release|x64.Build.0 = Release|Any CPU
		{2E869ED3-DDA0-4968-B59B-85C96D002ADE}.Release|x86.ActiveCfg = Release|Any CPU
		{2E869ED3-DDA0-4968-B59B-85C96D002ADE}.Release|x86.Build.0 = Release|Any CPU
		{9A528E27-16A1-42B9-92B2-D96104027569}.Debug|Any CPU.ActiveCfg = Debug|Any CPU
		{9A528E27-16A1-42B9-92B2-D96104027569}.Debug|Any CPU.Build.0 = Debug|Any CPU
		{9A528E27-16A1-42B9-92B2-D96104027569}.Debug|x64.ActiveCfg = Debug|Any CPU
		{9A528E27-16A1-42B9-92B2-D96104027569}.Debug|x64.Build.0 = Debug|Any CPU
		{9A528E27-16A1-42B9-92B2-D96104027569}.Debug|x86.ActiveCfg = Debug|Any CPU
		{9A528E27-16A1-42B9-92B2-D96104027569}.Debug|x86.Build.0 = Debug|Any CPU
		{9A528E27-16A1-42B9-92B2-D96104027569}.Release|Any CPU.ActiveCfg = Release|Any CPU
		{9A528E27-16A1-42B9-92B2-D96104027569}.Release|Any CPU.Build.0 = Release|Any CPU
		{9A528E27-16A1-42B9-92B2-D96104027569}.Release|x64.ActiveCfg = Release|Any CPU
		{9A528E27-16A1-42B9-92B2-D96104027569}.Release|x64.Build.0 = Release|Any CPU
		{9A528E27-16A1-42B9-92B2-D96104027569}.Release|x86.ActiveCfg = Release|Any CPU
		{9A528E27-16A1-42B9-92B2-D96104027569}.Release|x86.Build.0 = Release|Any CPU
		{EED4352F-CD4B-4721-A057-D396E2B53CE1}.Debug|Any CPU.ActiveCfg = Debug|Any CPU
		{EED4352F-CD4B-4721-A057-D396E2B53CE1}.Debug|Any CPU.Build.0 = Debug|Any CPU
		{EED4352F-CD4B-4721-A057-D396E2B53CE1}.Debug|x64.ActiveCfg = Debug|Any CPU
		{EED4352F-CD4B-4721-A057-D396E2B53CE1}.Debug|x64.Build.0 = Debug|Any CPU
		{EED4352F-CD4B-4721-A057-D396E2B53CE1}.Debug|x86.ActiveCfg = Debug|Any CPU
		{EED4352F-CD4B-4721-A057-D396E2B53CE1}.Debug|x86.Build.0 = Debug|Any CPU
		{EED4352F-CD4B-4721-A057-D396E2B53CE1}.Release|Any CPU.ActiveCfg = Release|Any CPU
		{EED4352F-CD4B-4721-A057-D396E2B53CE1}.Release|Any CPU.Build.0 = Release|Any CPU
		{EED4352F-CD4B-4721-A057-D396E2B53CE1}.Release|x64.ActiveCfg = Release|Any CPU
		{EED4352F-CD4B-4721-A057-D396E2B53CE1}.Release|x64.Build.0 = Release|Any CPU
		{EED4352F-CD4B-4721-A057-D396E2B53CE1}.Release|x86.ActiveCfg = Release|Any CPU
		{EED4352F-CD4B-4721-A057-D396E2B53CE1}.Release|x86.Build.0 = Release|Any CPU
		{AFCDFF50-ACD4-4684-8CC6-80AD1CCFDCE2}.Debug|Any CPU.ActiveCfg = Debug|Any CPU
		{AFCDFF50-ACD4-4684-8CC6-80AD1CCFDCE2}.Debug|Any CPU.Build.0 = Debug|Any CPU
		{AFCDFF50-ACD4-4684-8CC6-80AD1CCFDCE2}.Debug|x64.ActiveCfg = Debug|Any CPU
		{AFCDFF50-ACD4-4684-8CC6-80AD1CCFDCE2}.Debug|x64.Build.0 = Debug|Any CPU
		{AFCDFF50-ACD4-4684-8CC6-80AD1CCFDCE2}.Debug|x86.ActiveCfg = Debug|Any CPU
		{AFCDFF50-ACD4-4684-8CC6-80AD1CCFDCE2}.Debug|x86.Build.0 = Debug|Any CPU
		{AFCDFF50-ACD4-4684-8CC6-80AD1CCFDCE2}.Release|Any CPU.ActiveCfg = Release|Any CPU
		{AFCDFF50-ACD4-4684-8CC6-80AD1CCFDCE2}.Release|Any CPU.Build.0 = Release|Any CPU
		{AFCDFF50-ACD4-4684-8CC6-80AD1CCFDCE2}.Release|x64.ActiveCfg = Release|Any CPU
		{AFCDFF50-ACD4-4684-8CC6-80AD1CCFDCE2}.Release|x64.Build.0 = Release|Any CPU
		{AFCDFF50-ACD4-4684-8CC6-80AD1CCFDCE2}.Release|x86.ActiveCfg = Release|Any CPU
		{AFCDFF50-ACD4-4684-8CC6-80AD1CCFDCE2}.Release|x86.Build.0 = Release|Any CPU
		{CDADCC0A-979E-4845-89E9-359F14C62494}.Debug|Any CPU.ActiveCfg = Debug|Any CPU
		{CDADCC0A-979E-4845-89E9-359F14C62494}.Debug|Any CPU.Build.0 = Debug|Any CPU
		{CDADCC0A-979E-4845-89E9-359F14C62494}.Debug|x64.ActiveCfg = Debug|Any CPU
		{CDADCC0A-979E-4845-89E9-359F14C62494}.Debug|x64.Build.0 = Debug|Any CPU
		{CDADCC0A-979E-4845-89E9-359F14C62494}.Debug|x86.ActiveCfg = Debug|Any CPU
		{CDADCC0A-979E-4845-89E9-359F14C62494}.Debug|x86.Build.0 = Debug|Any CPU
		{CDADCC0A-979E-4845-89E9-359F14C62494}.Release|Any CPU.ActiveCfg = Release|Any CPU
		{CDADCC0A-979E-4845-89E9-359F14C62494}.Release|Any CPU.Build.0 = Release|Any CPU
		{CDADCC0A-979E-4845-89E9-359F14C62494}.Release|x64.ActiveCfg = Release|Any CPU
		{CDADCC0A-979E-4845-89E9-359F14C62494}.Release|x64.Build.0 = Release|Any CPU
		{CDADCC0A-979E-4845-89E9-359F14C62494}.Release|x86.ActiveCfg = Release|Any CPU
		{CDADCC0A-979E-4845-89E9-359F14C62494}.Release|x86.Build.0 = Release|Any CPU
		{BCD4532F-55AA-432A-8603-C1A7349F932C}.Debug|Any CPU.ActiveCfg = Debug|Any CPU
		{BCD4532F-55AA-432A-8603-C1A7349F932C}.Debug|Any CPU.Build.0 = Debug|Any CPU
		{BCD4532F-55AA-432A-8603-C1A7349F932C}.Debug|x64.ActiveCfg = Debug|Any CPU
		{BCD4532F-55AA-432A-8603-C1A7349F932C}.Debug|x64.Build.0 = Debug|Any CPU
		{BCD4532F-55AA-432A-8603-C1A7349F932C}.Debug|x86.ActiveCfg = Debug|Any CPU
		{BCD4532F-55AA-432A-8603-C1A7349F932C}.Debug|x86.Build.0 = Debug|Any CPU
		{BCD4532F-55AA-432A-8603-C1A7349F932C}.Release|Any CPU.ActiveCfg = Release|Any CPU
		{BCD4532F-55AA-432A-8603-C1A7349F932C}.Release|Any CPU.Build.0 = Release|Any CPU
		{BCD4532F-55AA-432A-8603-C1A7349F932C}.Release|x64.ActiveCfg = Release|Any CPU
		{BCD4532F-55AA-432A-8603-C1A7349F932C}.Release|x64.Build.0 = Release|Any CPU
		{BCD4532F-55AA-432A-8603-C1A7349F932C}.Release|x86.ActiveCfg = Release|Any CPU
		{BCD4532F-55AA-432A-8603-C1A7349F932C}.Release|x86.Build.0 = Release|Any CPU
	EndGlobalSection
	GlobalSection(SolutionProperties) = preSolution
		HideSolutionNode = FALSE
	EndGlobalSection
	GlobalSection(NestedProjects) = preSolution
		{CDADCC0A-979E-4845-89E9-359F14C62494} = {0AB3BF05-4346-4AA6-1389-037BE0695223}
	EndGlobalSection
EndGlobal
